
Microsoft Visual Studio Solution File, Format Version 12.00
# Visual Studio Version 17
VisualStudioVersion = 17.7.34221.43
MinimumVisualStudioVersion = 10.0.40219.1
Project("{FAE04EC0-301F-11D3-BF4B-00C04F79EFBC}") = "CanteenFireTech", "CanteenFireTech\CanteenFireTech.csproj", "{CD0254A3-3C72-4215-8168-3D561F5F0597}"
EndProject
Global
	GlobalSection(SolutionConfigurationPlatforms) = preSolution
		Debug|Any CPU = Debug|Any CPU
		Release|Any CPU = Release|Any CPU
	EndGlobalSection
	GlobalSection(ProjectConfigurationPlatforms) = postSolution
		{CD0254A3-3C72-4215-8168-3D561F5F0597}.Debug|Any CPU.ActiveCfg = Debug|Any CPU
		{CD0254A3-3C72-4215-8168-3D561F5F0597}.Debug|Any CPU.Build.0 = Debug|Any CPU
		{CD0254A3-3C72-4215-8168-3D561F5F0597}.Release|Any CPU.ActiveCfg = Release|Any CPU
		{CD0254A3-3C72-4215-8168-3D561F5F0597}.Release|Any CPU.Build.0 = Release|Any CPU
	EndGlobalSection
	GlobalSection(SolutionProperties) = preSolution
		HideSolutionNode = FALSE
	EndGlobalSection
	GlobalSection(ExtensibilityGlobals) = postSolution
		SolutionGuid = {E78D3E2A-092B-4FF0-ADF2-24B4F3D5437F}
	EndGlobalSection
EndGlobal
